
Microsoft Visual Studio Solution File, Format Version 12.00
# Visual Studio 2012
Project("{FAE04EC0-301F-11D3-BF4B-00C04F79EFBC}") = "Mag.Web", "Mag.Web\Mag.Web.csproj", "{4220DFF6-E4DF-44D0-8AAF-D9BAA26CBB83}"
EndProject
Project("{FAE04EC0-301F-11D3-BF4B-00C04F79EFBC}") = "Mag.Business", "Mag.Business\Mag.Business.csproj", "{3B9730AA-5B82-4CDC-B9C4-5E04472575FA}"
EndProject
Global
	GlobalSection(SolutionConfigurationPlatforms) = preSolution
		Debug|Any CPU = Debug|Any CPU
		Release|Any CPU = Release|Any CPU
	EndGlobalSection
	GlobalSection(ProjectConfigurationPlatforms) = postSolution
		{4220DFF6-E4DF-44D0-8AAF-D9BAA26CBB83}.Debug|Any CPU.ActiveCfg = Debug|Any CPU
		{4220DFF6-E4DF-44D0-8AAF-D9BAA26CBB83}.Debug|Any CPU.Build.0 = Debug|Any CPU
		{4220DFF6-E4DF-44D0-8AAF-D9BAA26CBB83}.Release|Any CPU.ActiveCfg = Release|Any CPU
		{4220DFF6-E4DF-44D0-8AAF-D9BAA26CBB83}.Release|Any CPU.Build.0 = Release|Any CPU
		{3B9730AA-5B82-4CDC-B9C4-5E04472575FA}.Debug|Any CPU.ActiveCfg = Debug|Any CPU
		{3B9730AA-5B82-4CDC-B9C4-5E04472575FA}.Debug|Any CPU.Build.0 = Debug|Any CPU
		{3B9730AA-5B82-4CDC-B9C4-5E04472575FA}.Release|Any CPU.ActiveCfg = Release|Any CPU
		{3B9730AA-5B82-4CDC-B9C4-5E04472575FA}.Release|Any CPU.Build.0 = Release|Any CPU
	EndGlobalSection
	GlobalSection(SolutionProperties) = preSolution
		HideSolutionNode = FALSE
	EndGlobalSection
EndGlobal
